// !$*UTF8*$!
{
	archiveVersion = 1;
	classes = {
	};
	objectVersion = 46;
	objects = {

/* Begin PBXBuildFile section */
		AD03DE231BC18C6C00CD8963 /* AppDelegate.swift in Sources */ = {isa = PBXBuildFile; fileRef = AD03DE221BC18C6C00CD8963 /* AppDelegate.swift */; };
		AD03DE251BC18C6C00CD8963 /* ViewController.swift in Sources */ = {isa = PBXBuildFile; fileRef = AD03DE241BC18C6C00CD8963 /* ViewController.swift */; };
		AD03DE281BC18C6C00CD8963 /* Main.storyboard in Resources */ = {isa = PBXBuildFile; fileRef = AD03DE261BC18C6C00CD8963 /* Main.storyboard */; };
		AD03DE2A1BC18C6C00CD8963 /* Assets.xcassets in Resources */ = {isa = PBXBuildFile; fileRef = AD03DE291BC18C6C00CD8963 /* Assets.xcassets */; };
		AD03DE2D1BC18C6C00CD8963 /* LaunchScreen.storyboard in Resources */ = {isa = PBXBuildFile; fileRef = AD03DE2B1BC18C6C00CD8963 /* LaunchScreen.storyboard */; };
		AD03DE351BC18D7500CD8963 /* MenuViewController.swift in Sources */ = {isa = PBXBuildFile; fileRef = AD03DE341BC18D7500CD8963 /* MenuViewController.swift */; settings = {ASSET_TAGS = (); }; };
		AD03DE371BC18DB500CD8963 /* FeedViewController.swift in Sources */ = {isa = PBXBuildFile; fileRef = AD03DE361BC18DB500CD8963 /* FeedViewController.swift */; settings = {ASSET_TAGS = (); }; };
		AD03DE391BC18E4800CD8963 /* HamburgerViewController.swift in Sources */ = {isa = PBXBuildFile; fileRef = AD03DE381BC18E4800CD8963 /* HamburgerViewController.swift */; settings = {ASSET_TAGS = (); }; };
/* End PBXBuildFile section */

/* Begin PBXFileReference section */
		AD03DE1F1BC18C6C00CD8963 /* HBMenu.app */ = {isa = PBXFileReference; explicitFileType = wrapper.application; includeInIndex = 0; path = HBMenu.app; sourceTree = BUILT_PRODUCTS_DIR; };
		AD03DE221BC18C6C00CD8963 /* AppDelegate.swift */ = {isa = PBXFileReference; lastKnownFileType = sourcecode.swift; path = AppDelegate.swift; sourceTree = "<group>"; };
		AD03DE241BC18C6C00CD8963 /* ViewController.swift */ = {isa = PBXFileReference; lastKnownFileType = sourcecode.swift; path = ViewController.swift; sourceTree = "<group>"; };
		AD03DE271BC18C6C00CD8963 /* Base */ = {isa = PBXFileReference; lastKnownFileType = file.storyboard; name = Base; path = Base.lproj/Main.storyboard; sourceTree = "<group>"; };
		AD03DE291BC18C6C00CD8963 /* Assets.xcassets */ = {isa = PBXFileReference; lastKnownFileType = folder.assetcatalog; path = Assets.xcassets; sourceTree = "<group>"; };
		AD03DE2C1BC18C6C00CD8963 /* Base */ = {isa = PBXFileReference; lastKnownFileType = file.storyboard; name = Base; path = Base.lproj/LaunchScreen.storyboard; sourceTree = "<group>"; };
		AD03DE2E1BC18C6C00CD8963 /* Info.plist */ = {isa = PBXFileReference; lastKnownFileType = text.plist.xml; path = Info.plist; sourceTree = "<group>"; };
		AD03DE341BC18D7500CD8963 /* MenuViewController.swift */ = {isa = PBXFileReference; fileEncoding = 4; lastKnownFileType = sourcecode.swift; path = MenuViewController.swift; sourceTree = "<group>"; };
		AD03DE361BC18DB500CD8963 /* FeedViewController.swift */ = {isa = PBXFileReference; fileEncoding = 4; lastKnownFileType = sourcecode.swift; path = FeedViewController.swift; sourceTree = "<group>"; };
		AD03DE381BC18E4800CD8963 /* HamburgerViewController.swift */ = {isa = PBXFileReference; fileEncoding = 4; lastKnownFileType = sourcecode.swift; path = HamburgerViewController.swift; sourceTree = "<group>"; };
/* End PBXFileReference section */

/* Begin PBXFrameworksBuildPhase section */
		AD03DE1C1BC18C6C00CD8963 /* Frameworks */ = {
			isa = PBXFrameworksBuildPhase;
			buildActionMask = 2147483647;
			files = (
			);
			runOnlyForDeploymentPostprocessing = 0;
		};
/* End PBXFrameworksBuildPhase section */

/* Begin PBXGroup section */
		AD03DE161BC18C6C00CD8963 = {
			isa = PBXGroup;
			children = (
				AD03DE211BC18C6C00CD8963 /* HBMenu */,
				AD03DE201BC18C6C00CD8963 /* Products */,
			);
			sourceTree = "<group>";
		};
		AD03DE201BC18C6C00CD8963 /* Products */ = {
			isa = PBXGroup;
			children = (
				AD03DE1F1BC18C6C00CD8963 /* HBMenu.app */,
			);
			name = Products;
			sourceTree = "<group>";
		};
		AD03DE211BC18C6C00CD8963 /* HBMenu */ = {
			isa = PBXGroup;
			children = (
				AD03DE221BC18C6C00CD8963 /* AppDelegate.swift */,
				AD03DE241BC18C6C00CD8963 /* ViewController.swift */,
				AD03DE261BC18C6C00CD8963 /* Main.storyboard */,
				AD03DE381BC18E4800CD8963 /* HamburgerViewController.swift */,
				AD03DE361BC18DB500CD8963 /* FeedViewController.swift */,
				AD03DE341BC18D7500CD8963 /* MenuViewController.swift */,
				AD03DE291BC18C6C00CD8963 /* Assets.xcassets */,
				AD03DE2B1BC18C6C00CD8963 /* LaunchScreen.storyboard */,
				AD03DE2E1BC18C6C00CD8963 /* Info.plist */,
			);
			path = HBMenu;
			sourceTree = "<group>";
		};
/* End PBXGroup section */

/* Begin PBXNativeTarget section */
		AD03DE1E1BC18C6C00CD8963 /* HBMenu */ = {
			isa = PBXNativeTarget;
			buildConfigurationList = AD03DE311BC18C6C00CD8963 /* Build configuration list for PBXNativeTarget "HBMenu" */;
			buildPhases = (
				AD03DE1B1BC18C6C00CD8963 /* Sources */,
				AD03DE1C1BC18C6C00CD8963 /* Frameworks */,
				AD03DE1D1BC18C6C00CD8963 /* Resources */,
			);
			buildRules = (
			);
			dependencies = (
			);
			name = HBMenu;
			productName = HBMenu;
			productReference = AD03DE1F1BC18C6C00CD8963 /* HBMenu.app */;
			productType = "com.apple.product-type.application";
		};
/* End PBXNativeTarget section */

/* Begin PBXProject section */
		AD03DE171BC18C6C00CD8963 /* Project object */ = {
			isa = PBXProject;
			attributes = {
				LastUpgradeCheck = 0700;
				ORGANIZATIONNAME = DeeptiChinta;
				TargetAttributes = {
					AD03DE1E1BC18C6C00CD8963 = {
						CreatedOnToolsVersion = 7.0;
					};
				};
			};
			buildConfigurationList = AD03DE1A1BC18C6C00CD8963 /* Build configuration list for PBXProject "HBMenu" */;
			compatibilityVersion = "Xcode 3.2";
			developmentRegion = English;
			hasScannedForEncodings = 0;
			knownRegions = (
				en,
				Base,
			);
			mainGroup = AD03DE161BC18C6C00CD8963;
			productRefGroup = AD03DE201BC18C6C00CD8963 /* Products */;
			projectDirPath = "";
			projectRoot = "";
			targets = (
				AD03DE1E1BC18C6C00CD8963 /* HBMenu */,
			);
		};
/* End PBXProject section */

/* Begin PBXResourcesBuildPhase section */
		AD03DE1D1BC18C6C00CD8963 /* Resources */ = {
			isa = PBXResourcesBuildPhase;
			buildActionMask = 2147483647;
			files = (
				AD03DE2D1BC18C6C00CD8963 /* LaunchScreen.storyboard in Resources */,
				AD03DE2A1BC18C6C00CD8963 /* Assets.xcassets in Resources */,
				AD03DE281BC18C6C00CD8963 /* Main.storyboard in Resources */,
			);
			runOnlyForDeploymentPostprocessing = 0;
		};
/* End PBXResourcesBuildPhase section */

/* Begin PBXSourcesBuildPhase section */
		AD03DE1B1BC18C6C00CD8963 /* Sources */ = {
			isa = PBXSourcesBuildPhase;
			buildActionMask = 2147483647;
			files = (
				AD03DE251BC18C6C00CD8963 /* ViewController.swift in Sources */,
				AD03DE351BC18D7500CD8963 /* MenuViewController.swift in Sources */,
				AD03DE371BC18DB500CD8963 /* FeedViewController.swift in Sources */,
				AD03DE391BC18E4800CD8963 /* HamburgerViewController.swift in Sources */,
				AD03DE231BC18C6C00CD8963 /* AppDelegate.swift in Sources */,
			);
			runOnlyForDeploymentPostprocessing = 0;
		};
/* End PBXSourcesBuildPhase section */

/* Begin PBXVariantGroup section */
		AD03DE261BC18C6C00CD8963 /* Main.storyboard */ = {
			isa = PBXVariantGroup;
			children = (
				AD03DE271BC18C6C00CD8963 /* Base */,
			);
			name = Main.storyboard;
			sourceTree = "<group>";
		};
		AD03DE2B1BC18C6C00CD8963 /* LaunchScreen.storyboard */ = {
			isa = PBXVariantGroup;
			children = (
				AD03DE2C1BC18C6C00CD8963 /* Base */,
			);
			name = LaunchScreen.storyboard;
			sourceTree = "<group>";
		};
/* End PBXVariantGroup section */

/* Begin XCBuildConfiguration section */
		AD03DE2F1BC18C6C00CD8963 /* Debug */ = {
			isa = XCBuildConfiguration;
			buildSettings = {
				ALWAYS_SEARCH_USER_PATHS = NO;
				CLANG_CXX_LANGUAGE_STANDARD = "gnu++0x";
				CLANG_CXX_LIBRARY = "libc++";
				CLANG_ENABLE_MODULES = YES;
				CLANG_ENABLE_OBJC_ARC = YES;
				CLANG_WARN_BOOL_CONVERSION = YES;
				CLANG_WARN_CONSTANT_CONVERSION = YES;
				CLANG_WARN_DIRECT_OBJC_ISA_USAGE = YES_ERROR;
				CLANG_WARN_EMPTY_BODY = YES;
				CLANG_WARN_ENUM_CONVERSION = YES;
				CLANG_WARN_INT_CONVERSION = YES;
				CLANG_WARN_OBJC_ROOT_CLASS = YES_ERROR;
				CLANG_WARN_UNREACHABLE_CODE = YES;
				CLANG_WARN__DUPLICATE_METHOD_MATCH = YES;
				"CODE_SIGN_IDENTITY[sdk=iphoneos*]" = "iPhone Developer";
				COPY_PHASE_STRIP = NO;
				DEBUG_INFORMATION_FORMAT = dwarf;
				ENABLE_STRICT_OBJC_MSGSEND = YES;
				ENABLE_TESTABILITY = YES;
				GCC_C_LANGUAGE_STANDARD = gnu99;
				GCC_DYNAMIC_NO_PIC = NO;
				GCC_NO_COMMON_BLOCKS = YES;
				GCC_OPTIMIZATION_LEVEL = 0;
				GCC_PREPROCESSOR_DEFINITIONS = (
					"DEBUG=1",
					"$(inherited)",
				);
				GCC_WARN_64_TO_32_BIT_CONVERSION = YES;
				GCC_WARN_ABOUT_RETURN_TYPE = YES_ERROR;
				GCC_WARN_UNDECLARED_SELECTOR = YES;
				GCC_WARN_UNINITIALIZED_AUTOS = YES_AGGRESSIVE;
				GCC_WARN_UNUSED_FUNCTION = YES;
				GCC_WARN_UNUSED_VARIABLE = YES;
				IPHONEOS_DEPLOYMENT_TARGET = 9.0;
				MTL_ENABLE_DEBUG_INFO = YES;
				ONLY_ACTIVE_ARCH = YES;
				SDKROOT = iphoneos;
				SWIFT_OPTIMIZATION_LEVEL = "-Onone";
				TARGETED_DEVICE_FAMILY = "1,2";
			};
			name = Debug;
		};
		AD03DE301BC18C6C00CD8963 /* Release */ = {
			isa = XCBuildConfiguration;
			buildSettings = {
				ALWAYS_SEARCH_USER_PATHS = NO;
				CLANG_CXX_LANGUAGE_STANDARD = "gnu++0x";
				CLANG_CXX_LIBRARY = "libc++";
				CLANG_ENABLE_MODULES = YES;
				CLANG_ENABLE_OBJC_ARC = YES;
				CLANG_WARN_BOOL_CONVERSION = YES;
				CLANG_WARN_CONSTANT_CONVERSION = YES;
				CLANG_WARN_DIRECT_OBJC_ISA_USAGE = YES_ERROR;
				CLANG_WARN_EMPTY_BODY = YES;
				CLANG_WARN_ENUM_CONVERSION = YES;
				CLANG_WARN_INT_CONVERSION = YES;
				CLANG_WARN_OBJC_ROOT_CLASS = YES_ERROR;
				CLANG_WARN_UNREACHABLE_CODE = YES;
				CLANG_WARN__DUPLICATE_METHOD_MATCH = YES;
				"CODE_SIGN_IDENTITY[sdk=iphoneos*]" = "iPhone Developer";
				COPY_PHASE_STRIP = NO;
				DEBUG_INFORMATION_FORMAT = "dwarf-with-dsym";
				ENABLE_NS_ASSERTIONS = NO;
				ENABLE_STRICT_OBJC_MSGSEND = YES;
				GCC_C_LANGUAGE_STANDARD = gnu99;
				GCC_NO_COMMON_BLOCKS = YES;
				GCC_WARN_64_TO_32_BIT_CONVERSION = YES;
				GCC_WARN_ABOUT_RETURN_TYPE = YES_ERROR;
				GCC_WARN_UNDECLARED_SELECTOR = YES;
				GCC_WARN_UNINITIALIZED_AUTOS = YES_AGGRESSIVE;
				GCC_WARN_UNUSED_FUNCTION = YES;
				GCC_WARN_UNUSED_VARIABLE = YES;
				IPHONEOS_DEPLOYMENT_TARGET = 9.0;
				MTL_ENABLE_DEBUG_INFO = NO;
				SDKROOT = iphoneos;
				TARGETED_DEVICE_FAMILY = "1,2";
				VALIDATE_PRODUCT = YES;
			};
			name = Release;
		};
		AD03DE321BC18C6C00CD8963 /* Debug */ = {
			isa = XCBuildConfiguration;
			buildSettings = {
				ASSETCATALOG_COMPILER_APPICON_NAME = AppIcon;
				INFOPLIST_FILE = HBMenu/Info.plist;
				LD_RUNPATH_SEARCH_PATHS = "$(inherited) @executable_path/Frameworks";
				PRODUCT_BUNDLE_IDENTIFIER = com.deeptichinta.HBMenu;
				PRODUCT_NAME = "$(TARGET_NAME)";
			};
			name = Debug;
		};
		AD03DE331BC18C6C00CD8963 /* Release */ = {
			isa = XCBuildConfiguration;
			buildSettings = {
				ASSETCATALOG_COMPILER_APPICON_NAME = AppIcon;
				INFOPLIST_FILE = HBMenu/Info.plist;
				LD_RUNPATH_SEARCH_PATHS = "$(inherited) @executable_path/Frameworks";
				PRODUCT_BUNDLE_IDENTIFIER = com.deeptichinta.HBMenu;
				PRODUCT_NAME = "$(TARGET_NAME)";
			};
			name = Release;
		};
/* End XCBuildConfiguration section */

/* Begin XCConfigurationList section */
		AD03DE1A1BC18C6C00CD8963 /* Build configuration list for PBXProject "HBMenu" */ = {
			isa = XCConfigurationList;
			buildConfigurations = (
				AD03DE2F1BC18C6C00CD8963 /* Debug */,
				AD03DE301BC18C6C00CD8963 /* Release */,
			);
			defaultConfigurationIsVisible = 0;
			defaultConfigurationName = Release;
		};
		AD03DE311BC18C6C00CD8963 /* Build configuration list for PBXNativeTarget "HBMenu" */ = {
			isa = XCConfigurationList;
			buildConfigurations = (
				AD03DE321BC18C6C00CD8963 /* Debug */,
				AD03DE331BC18C6C00CD8963 /* Release */,
			);
			defaultConfigurationIsVisible = 0;
		};
/* End XCConfigurationList section */
	};
	rootObject = AD03DE171BC18C6C00CD8963 /* Project object */;
}
